# Generated by pub
# See http://pub.dartlang.org/doc/glossary.html#lockfile
packages:
  browser:
    description: browser
    source: hosted
    version: "0.9.0"
  json:
    description: json
    source: hosted
    version: "0.9.0"
  json_object:
    description: json_object
    source: hosted
    version: "1.0.18+2"
  path:
    description: path
    source: hosted
    version: "1.0.0"
  quiver:
    description: quiver
    source: hosted
    version: "0.18.0"
  stack_trace:
    description: stack_trace
    source: hosted
    version: "0.9.1"
  unittest:
    description: unittest
    source: hosted
    version: "0.10.0"
  uri:
    description: uri
    source: hosted
    version: "0.9.0"
  utf:
    description: utf
    source: hosted
    version: "0.9.0"
  vector_math:
    description: vector_math
    source: hosted
    version: "1.3.5"
